
Microsoft Visual Studio Solution File, Format Version 12.00
# Visual Studio Version 16
VisualStudioVersion = 16.0.29509.3
MinimumVisualStudioVersion = 10.0.40219.1
Project("{FAE04EC0-301F-11D3-BF4B-00C04F79EFBC}") = "ToDoApi", "ToDoApi\ToDoApi.csproj", "{8F4ED48F-DA69-4AAE-8607-4038D7C9C936}"
EndProject
Global
	GlobalSection(SolutionConfigurationPlatforms) = preSolution
		Debug|Any CPU = Debug|Any CPU
		Release|Any CPU = Release|Any CPU
	EndGlobalSection
	GlobalSection(ProjectConfigurationPlatforms) = postSolution
		{8F4ED48F-DA69-4AAE-8607-4038D7C9C936}.Debug|Any CPU.ActiveCfg = Debug|Any CPU
		{8F4ED48F-DA69-4AAE-8607-4038D7C9C936}.Debug|Any CPU.Build.0 = Debug|Any CPU
		{8F4ED48F-DA69-4AAE-8607-4038D7C9C936}.Release|Any CPU.ActiveCfg = Release|Any CPU
		{8F4ED48F-DA69-4AAE-8607-4038D7C9C936}.Release|Any CPU.Build.0 = Release|Any CPU
	EndGlobalSection
	GlobalSection(SolutionProperties) = preSolution
		HideSolutionNode = FALSE
	EndGlobalSection
	GlobalSection(ExtensibilityGlobals) = postSolution
		SolutionGuid = {7A9EA11A-F6E6-486A-8379-3B87E0B81803}
	EndGlobalSection
EndGlobal
